// !$*UTF8*$!
{
	archiveVersion = 1;
	classes = {
	};
	objectVersion = 56;
	objects = {

/* Begin PBXBuildFile section */
		CA5BF8522C2A7B86001E4CA9 /* Event_CountdownApp.swift in Sources */ = {isa = PBXBuildFile; fileRef = CA5BF8512C2A7B86001E4CA9 /* Event_CountdownApp.swift */; };
		CA5BF8562C2A7B88001E4CA9 /* Assets.xcassets in Resources */ = {isa = PBXBuildFile; fileRef = CA5BF8552C2A7B88001E4CA9 /* Assets.xcassets */; };
		CA5BF8592C2A7B88001E4CA9 /* Preview Assets.xcassets in Resources */ = {isa = PBXBuildFile; fileRef = CA5BF8582C2A7B88001E4CA9 /* Preview Assets.xcassets */; };
		CA5BF8602C2A7BBA001E4CA9 /* Event.swift in Sources */ = {isa = PBXBuildFile; fileRef = CA5BF85F2C2A7BBA001E4CA9 /* Event.swift */; };
		CA5BF8622C2A7CF1001E4CA9 /* EventView.swift in Sources */ = {isa = PBXBuildFile; fileRef = CA5BF8612C2A7CF1001E4CA9 /* EventView.swift */; };
		CA5BF8642C2A8049001E4CA9 /* EventRow.swift in Sources */ = {isa = PBXBuildFile; fileRef = CA5BF8632C2A8049001E4CA9 /* EventRow.swift */; };
		CA5BF8662C2A838C001E4CA9 /* EventFormView.swift in Sources */ = {isa = PBXBuildFile; fileRef = CA5BF8652C2A838C001E4CA9 /* EventFormView.swift */; };
		CA5BF8682C2B3106001E4CA9 /* EventManager.swift in Sources */ = {isa = PBXBuildFile; fileRef = CA5BF8672C2B3106001E4CA9 /* EventManager.swift */; };
		CA5BF86A2C2B34A1001E4CA9 /* Extension.swift in Sources */ = {isa = PBXBuildFile; fileRef = CA5BF8692C2B34A1001E4CA9 /* Extension.swift */; };
		CA5BF8722C2E9219001E4CA9 /* Event_CountdownTests.swift in Sources */ = {isa = PBXBuildFile; fileRef = CA5BF8712C2E9219001E4CA9 /* Event_CountdownTests.swift */; };
		CA5BF8782C2E9458001E4CA9 /* Event.swift in Sources */ = {isa = PBXBuildFile; fileRef = CA5BF85F2C2A7BBA001E4CA9 /* Event.swift */; };
		CA5BF8792C2E945B001E4CA9 /* EventManager.swift in Sources */ = {isa = PBXBuildFile; fileRef = CA5BF8672C2B3106001E4CA9 /* EventManager.swift */; };
		CA5BF87D2C2E9463001E4CA9 /* Extension.swift in Sources */ = {isa = PBXBuildFile; fileRef = CA5BF8692C2B34A1001E4CA9 /* Extension.swift */; };
		CA5BF87E2C2E9467001E4CA9 /* Event_CountdownApp.swift in Sources */ = {isa = PBXBuildFile; fileRef = CA5BF8512C2A7B86001E4CA9 /* Event_CountdownApp.swift */; };
		CA5BF87F2C2E946A001E4CA9 /* Assets.xcassets in Resources */ = {isa = PBXBuildFile; fileRef = CA5BF8552C2A7B88001E4CA9 /* Assets.xcassets */; };
/* End PBXBuildFile section */

/* Begin PBXContainerItemProxy section */
		CA5BF8732C2E9219001E4CA9 /* PBXContainerItemProxy */ = {
			isa = PBXContainerItemProxy;
			containerPortal = CA5BF8462C2A7B86001E4CA9 /* Project object */;
			proxyType = 1;
			remoteGlobalIDString = CA5BF84D2C2A7B86001E4CA9;
			remoteInfo = "Event Countdown";
		};
/* End PBXContainerItemProxy section */

/* Begin PBXFileReference section */
		CA5BF84E2C2A7B86001E4CA9 /* Event Countdown.app */ = {isa = PBXFileReference; explicitFileType = wrapper.application; includeInIndex = 0; path = "Event Countdown.app"; sourceTree = BUILT_PRODUCTS_DIR; };
		CA5BF8512C2A7B86001E4CA9 /* Event_CountdownApp.swift */ = {isa = PBXFileReference; lastKnownFileType = sourcecode.swift; path = Event_CountdownApp.swift; sourceTree = "<group>"; };
		CA5BF8552C2A7B88001E4CA9 /* Assets.xcassets */ = {isa = PBXFileReference; lastKnownFileType = folder.assetcatalog; path = Assets.xcassets; sourceTree = "<group>"; };
		CA5BF8582C2A7B88001E4CA9 /* Preview Assets.xcassets */ = {isa = PBXFileReference; lastKnownFileType = folder.assetcatalog; path = "Preview Assets.xcassets"; sourceTree = "<group>"; };
		CA5BF85F2C2A7BBA001E4CA9 /* Event.swift */ = {isa = PBXFileReference; lastKnownFileType = sourcecode.swift; path = Event.swift; sourceTree = "<group>"; };
		CA5BF8612C2A7CF1001E4CA9 /* EventView.swift */ = {isa = PBXFileReference; lastKnownFileType = sourcecode.swift; path = EventView.swift; sourceTree = "<group>"; };
		CA5BF8632C2A8049001E4CA9 /* EventRow.swift */ = {isa = PBXFileReference; lastKnownFileType = sourcecode.swift; path = EventRow.swift; sourceTree = "<group>"; };
		CA5BF8652C2A838C001E4CA9 /* EventFormView.swift */ = {isa = PBXFileReference; lastKnownFileType = sourcecode.swift; path = EventFormView.swift; sourceTree = "<group>"; };
		CA5BF8672C2B3106001E4CA9 /* EventManager.swift */ = {isa = PBXFileReference; lastKnownFileType = sourcecode.swift; path = EventManager.swift; sourceTree = "<group>"; };
		CA5BF8692C2B34A1001E4CA9 /* Extension.swift */ = {isa = PBXFileReference; lastKnownFileType = sourcecode.swift; path = Extension.swift; sourceTree = "<group>"; };
		CA5BF86F2C2E9219001E4CA9 /* Event CountdownTests.xctest */ = {isa = PBXFileReference; explicitFileType = wrapper.cfbundle; includeInIndex = 0; path = "Event CountdownTests.xctest"; sourceTree = BUILT_PRODUCTS_DIR; };
		CA5BF8712C2E9219001E4CA9 /* Event_CountdownTests.swift */ = {isa = PBXFileReference; lastKnownFileType = sourcecode.swift; path = Event_CountdownTests.swift; sourceTree = "<group>"; };
/* End PBXFileReference section */

/* Begin PBXFrameworksBuildPhase section */
		CA5BF84B2C2A7B86001E4CA9 /* Frameworks */ = {
			isa = PBXFrameworksBuildPhase;
			buildActionMask = 2147483647;
			files = (
			);
			runOnlyForDeploymentPostprocessing = 0;
		};
		CA5BF86C2C2E9219001E4CA9 /* Frameworks */ = {
			isa = PBXFrameworksBuildPhase;
			buildActionMask = 2147483647;
			files = (
			);
			runOnlyForDeploymentPostprocessing = 0;
		};
/* End PBXFrameworksBuildPhase section */

/* Begin PBXGroup section */
		CA5BF8452C2A7B86001E4CA9 = {
			isa = PBXGroup;
			children = (
				CA5BF8502C2A7B86001E4CA9 /* Event Countdown */,
				CA5BF8702C2E9219001E4CA9 /* Event CountdownTests */,
				CA5BF84F2C2A7B86001E4CA9 /* Products */,
			);
			sourceTree = "<group>";
		};
		CA5BF84F2C2A7B86001E4CA9 /* Products */ = {
			isa = PBXGroup;
			children = (
				CA5BF84E2C2A7B86001E4CA9 /* Event Countdown.app */,
				CA5BF86F2C2E9219001E4CA9 /* Event CountdownTests.xctest */,
			);
			name = Products;
			sourceTree = "<group>";
		};
		CA5BF8502C2A7B86001E4CA9 /* Event Countdown */ = {
			isa = PBXGroup;
			children = (
				CA5BF8512C2A7B86001E4CA9 /* Event_CountdownApp.swift */,
				CA5BF8552C2A7B88001E4CA9 /* Assets.xcassets */,
				CA5BF8572C2A7B88001E4CA9 /* Preview Content */,
				CA5BF85F2C2A7BBA001E4CA9 /* Event.swift */,
				CA5BF8672C2B3106001E4CA9 /* EventManager.swift */,
				CA5BF8612C2A7CF1001E4CA9 /* EventView.swift */,
				CA5BF8632C2A8049001E4CA9 /* EventRow.swift */,
				CA5BF8652C2A838C001E4CA9 /* EventFormView.swift */,
				CA5BF8692C2B34A1001E4CA9 /* Extension.swift */,
			);
			path = "Event Countdown";
			sourceTree = "<group>";
		};
		CA5BF8572C2A7B88001E4CA9 /* Preview Content */ = {
			isa = PBXGroup;
			children = (
				CA5BF8582C2A7B88001E4CA9 /* Preview Assets.xcassets */,
			);
			path = "Preview Content";
			sourceTree = "<group>";
		};
		CA5BF8702C2E9219001E4CA9 /* Event CountdownTests */ = {
			isa = PBXGroup;
			children = (
				CA5BF8712C2E9219001E4CA9 /* Event_CountdownTests.swift */,
			);
			path = "Event CountdownTests";
			sourceTree = "<group>";
		};
/* End PBXGroup section */

/* Begin PBXNativeTarget section */
		CA5BF84D2C2A7B86001E4CA9 /* Event Countdown */ = {
			isa = PBXNativeTarget;
			buildConfigurationList = CA5BF85C2C2A7B88001E4CA9 /* Build configuration list for PBXNativeTarget "Event Countdown" */;
			buildPhases = (
				CA5BF84A2C2A7B86001E4CA9 /* Sources */,
				CA5BF84B2C2A7B86001E4CA9 /* Frameworks */,
				CA5BF84C2C2A7B86001E4CA9 /* Resources */,
			);
			buildRules = (
			);
			dependencies = (
			);
			name = "Event Countdown";
			productName = "Event Countdown";
			productReference = CA5BF84E2C2A7B86001E4CA9 /* Event Countdown.app */;
			productType = "com.apple.product-type.application";
		};
		CA5BF86E2C2E9219001E4CA9 /* Event CountdownTests */ = {
			isa = PBXNativeTarget;
			buildConfigurationList = CA5BF8752C2E9219001E4CA9 /* Build configuration list for PBXNativeTarget "Event CountdownTests" */;
			buildPhases = (
				CA5BF86B2C2E9219001E4CA9 /* Sources */,
				CA5BF86C2C2E9219001E4CA9 /* Frameworks */,
				CA5BF86D2C2E9219001E4CA9 /* Resources */,
			);
			buildRules = (
			);
			dependencies = (
				CA5BF8742C2E9219001E4CA9 /* PBXTargetDependency */,
			);
			name = "Event CountdownTests";
			productName = "Event CountdownTests";
			productReference = CA5BF86F2C2E9219001E4CA9 /* Event CountdownTests.xctest */;
			productType = "com.apple.product-type.bundle.unit-test";
		};
/* End PBXNativeTarget section */

/* Begin PBXProject section */
		CA5BF8462C2A7B86001E4CA9 /* Project object */ = {
			isa = PBXProject;
			attributes = {
				BuildIndependentTargetsInParallel = 1;
				LastSwiftUpdateCheck = 1520;
				LastUpgradeCheck = 1520;
				TargetAttributes = {
					CA5BF84D2C2A7B86001E4CA9 = {
						CreatedOnToolsVersion = 15.2;
					};
					CA5BF86E2C2E9219001E4CA9 = {
						CreatedOnToolsVersion = 15.2;
						TestTargetID = CA5BF84D2C2A7B86001E4CA9;
					};
				};
			};
			buildConfigurationList = CA5BF8492C2A7B86001E4CA9 /* Build configuration list for PBXProject "Event Countdown" */;
			compatibilityVersion = "Xcode 14.0";
			developmentRegion = en;
			hasScannedForEncodings = 0;
			knownRegions = (
				en,
				Base,
			);
			mainGroup = CA5BF8452C2A7B86001E4CA9;
			productRefGroup = CA5BF84F2C2A7B86001E4CA9 /* Products */;
			projectDirPath = "";
			projectRoot = "";
			targets = (
				CA5BF84D2C2A7B86001E4CA9 /* Event Countdown */,
				CA5BF86E2C2E9219001E4CA9 /* Event CountdownTests */,
			);
		};
/* End PBXProject section */

/* Begin PBXResourcesBuildPhase section */
		CA5BF84C2C2A7B86001E4CA9 /* Resources */ = {
			isa = PBXResourcesBuildPhase;
			buildActionMask = 2147483647;
			files = (
				CA5BF8592C2A7B88001E4CA9 /* Preview Assets.xcassets in Resources */,
				CA5BF8562C2A7B88001E4CA9 /* Assets.xcassets in Resources */,
			);
			runOnlyForDeploymentPostprocessing = 0;
		};
		CA5BF86D2C2E9219001E4CA9 /* Resources */ = {
			isa = PBXResourcesBuildPhase;
			buildActionMask = 2147483647;
			files = (
				CA5BF87F2C2E946A001E4CA9 /* Assets.xcassets in Resources */,
			);
			runOnlyForDeploymentPostprocessing = 0;
		};
/* End PBXResourcesBuildPhase section */

/* Begin PBXSourcesBuildPhase section */
		CA5BF84A2C2A7B86001E4CA9 /* Sources */ = {
			isa = PBXSourcesBuildPhase;
			buildActionMask = 2147483647;
			files = (
				CA5BF8682C2B3106001E4CA9 /* EventManager.swift in Sources */,
				CA5BF8602C2A7BBA001E4CA9 /* Event.swift in Sources */,
				CA5BF8662C2A838C001E4CA9 /* EventFormView.swift in Sources */,
				CA5BF8642C2A8049001E4CA9 /* EventRow.swift in Sources */,
				CA5BF8522C2A7B86001E4CA9 /* Event_CountdownApp.swift in Sources */,
				CA5BF8622C2A7CF1001E4CA9 /* EventView.swift in Sources */,
				CA5BF86A2C2B34A1001E4CA9 /* Extension.swift in Sources */,
			);
			runOnlyForDeploymentPostprocessing = 0;
		};
		CA5BF86B2C2E9219001E4CA9 /* Sources */ = {
			isa = PBXSourcesBuildPhase;
			buildActionMask = 2147483647;
			files = (
				CA5BF8792C2E945B001E4CA9 /* EventManager.swift in Sources */,
				CA5BF8782C2E9458001E4CA9 /* Event.swift in Sources */,
				CA5BF87D2C2E9463001E4CA9 /* Extension.swift in Sources */,
				CA5BF8722C2E9219001E4CA9 /* Event_CountdownTests.swift in Sources */,
				CA5BF87E2C2E9467001E4CA9 /* Event_CountdownApp.swift in Sources */,
			);
			runOnlyForDeploymentPostprocessing = 0;
		};
/* End PBXSourcesBuildPhase section */

/* Begin PBXTargetDependency section */
		CA5BF8742C2E9219001E4CA9 /* PBXTargetDependency */ = {
			isa = PBXTargetDependency;
			target = CA5BF84D2C2A7B86001E4CA9 /* Event Countdown */;
			targetProxy = CA5BF8732C2E9219001E4CA9 /* PBXContainerItemProxy */;
		};
/* End PBXTargetDependency section */

/* Begin XCBuildConfiguration section */
		CA5BF85A2C2A7B88001E4CA9 /* Debug */ = {
			isa = XCBuildConfiguration;
			buildSettings = {
				ALWAYS_SEARCH_USER_PATHS = NO;
				ASSETCATALOG_COMPILER_GENERATE_SWIFT_ASSET_SYMBOL_EXTENSIONS = YES;
				CLANG_ANALYZER_NONNULL = YES;
				CLANG_ANALYZER_NUMBER_OBJECT_CONVERSION = YES_AGGRESSIVE;
				CLANG_CXX_LANGUAGE_STANDARD = "gnu++20";
				CLANG_ENABLE_MODULES = YES;
				CLANG_ENABLE_OBJC_ARC = YES;
				CLANG_ENABLE_OBJC_WEAK = YES;
				CLANG_WARN_BLOCK_CAPTURE_AUTORELEASING = YES;
				CLANG_WARN_BOOL_CONVERSION = YES;
				CLANG_WARN_COMMA = YES;
				CLANG_WARN_CONSTANT_CONVERSION = YES;
				CLANG_WARN_DEPRECATED_OBJC_IMPLEMENTATIONS = YES;
				CLANG_WARN_DIRECT_OBJC_ISA_USAGE = YES_ERROR;
				CLANG_WARN_DOCUMENTATION_COMMENTS = YES;
				CLANG_WARN_EMPTY_BODY = YES;
				CLANG_WARN_ENUM_CONVERSION = YES;
				CLANG_WARN_INFINITE_RECURSION = YES;
				CLANG_WARN_INT_CONVERSION = YES;
				CLANG_WARN_NON_LITERAL_NULL_CONVERSION = YES;
				CLANG_WARN_OBJC_IMPLICIT_RETAIN_SELF = YES;
				CLANG_WARN_OBJC_LITERAL_CONVERSION = YES;
				CLANG_WARN_OBJC_ROOT_CLASS = YES_ERROR;
				CLANG_WARN_QUOTED_INCLUDE_IN_FRAMEWORK_HEADER = YES;
				CLANG_WARN_RANGE_LOOP_ANALYSIS = YES;
				CLANG_WARN_STRICT_PROTOTYPES = YES;
				CLANG_WARN_SUSPICIOUS_MOVE = YES;
				CLANG_WARN_UNGUARDED_AVAILABILITY = YES_AGGRESSIVE;
				CLANG_WARN_UNREACHABLE_CODE = YES;
				CLANG_WARN__DUPLICATE_METHOD_MATCH = YES;
				COPY_PHASE_STRIP = NO;
				DEBUG_INFORMATION_FORMAT = dwarf;
				ENABLE_STRICT_OBJC_MSGSEND = YES;
				ENABLE_TESTABILITY = YES;
				ENABLE_USER_SCRIPT_SANDBOXING = YES;
				GCC_C_LANGUAGE_STANDARD = gnu17;
				GCC_DYNAMIC_NO_PIC = NO;
				GCC_NO_COMMON_BLOCKS = YES;
				GCC_OPTIMIZATION_LEVEL = 0;
				GCC_PREPROCESSOR_DEFINITIONS = (
					"DEBUG=1",
					"$(inherited)",
				);
				GCC_WARN_64_TO_32_BIT_CONVERSION = YES;
				GCC_WARN_ABOUT_RETURN_TYPE = YES_ERROR;
				GCC_WARN_UNDECLARED_SELECTOR = YES;
				GCC_WARN_UNINITIALIZED_AUTOS = YES_AGGRESSIVE;
				GCC_WARN_UNUSED_FUNCTION = YES;
				GCC_WARN_UNUSED_VARIABLE = YES;
				IPHONEOS_DEPLOYMENT_TARGET = 17.2;
				LOCALIZATION_PREFERS_STRING_CATALOGS = YES;
				MTL_ENABLE_DEBUG_INFO = INCLUDE_SOURCE;
				MTL_FAST_MATH = YES;
				ONLY_ACTIVE_ARCH = YES;
				SDKROOT = iphoneos;
				SWIFT_ACTIVE_COMPILATION_CONDITIONS = "DEBUG $(inherited)";
				SWIFT_OPTIMIZATION_LEVEL = "-Onone";
			};
			name = Debug;
		};
		CA5BF85B2C2A7B88001E4CA9 /* Release */ = {
			isa = XCBuildConfiguration;
			buildSettings = {
				ALWAYS_SEARCH_USER_PATHS = NO;
				ASSETCATALOG_COMPILER_GENERATE_SWIFT_ASSET_SYMBOL_EXTENSIONS = YES;
				CLANG_ANALYZER_NONNULL = YES;
				CLANG_ANALYZER_NUMBER_OBJECT_CONVERSION = YES_AGGRESSIVE;
				CLANG_CXX_LANGUAGE_STANDARD = "gnu++20";
				CLANG_ENABLE_MODULES = YES;
				CLANG_ENABLE_OBJC_ARC = YES;
				CLANG_ENABLE_OBJC_WEAK = YES;
				CLANG_WARN_BLOCK_CAPTURE_AUTORELEASING = YES;
				CLANG_WARN_BOOL_CONVERSION = YES;
				CLANG_WARN_COMMA = YES;
				CLANG_WARN_CONSTANT_CONVERSION = YES;
				CLANG_WARN_DEPRECATED_OBJC_IMPLEMENTATIONS = YES;
				CLANG_WARN_DIRECT_OBJC_ISA_USAGE = YES_ERROR;
				CLANG_WARN_DOCUMENTATION_COMMENTS = YES;
				CLANG_WARN_EMPTY_BODY = YES;
				CLANG_WARN_ENUM_CONVERSION = YES;
				CLANG_WARN_INFINITE_RECURSION = YES;
				CLANG_WARN_INT_CONVERSION = YES;
				CLANG_WARN_NON_LITERAL_NULL_CONVERSION = YES;
				CLANG_WARN_OBJC_IMPLICIT_RETAIN_SELF = YES;
				CLANG_WARN_OBJC_LITERAL_CONVERSION = YES;
				CLANG_WARN_OBJC_ROOT_CLASS = YES_ERROR;
				CLANG_WARN_QUOTED_INCLUDE_IN_FRAMEWORK_HEADER = YES;
				CLANG_WARN_RANGE_LOOP_ANALYSIS = YES;
				CLANG_WARN_STRICT_PROTOTYPES = YES;
				CLANG_WARN_SUSPICIOUS_MOVE = YES;
				CLANG_WARN_UNGUARDED_AVAILABILITY = YES_AGGRESSIVE;
				CLANG_WARN_UNREACHABLE_CODE = YES;
				CLANG_WARN__DUPLICATE_METHOD_MATCH = YES;
				COPY_PHASE_STRIP = NO;
				DEBUG_INFORMATION_FORMAT = "dwarf-with-dsym";
				ENABLE_NS_ASSERTIONS = NO;
				ENABLE_STRICT_OBJC_MSGSEND = YES;
				ENABLE_USER_SCRIPT_SANDBOXING = YES;
				GCC_C_LANGUAGE_STANDARD = gnu17;
				GCC_NO_COMMON_BLOCKS = YES;
				GCC_WARN_64_TO_32_BIT_CONVERSION = YES;
				GCC_WARN_ABOUT_RETURN_TYPE = YES_ERROR;
				GCC_WARN_UNDECLARED_SELECTOR = YES;
				GCC_WARN_UNINITIALIZED_AUTOS = YES_AGGRESSIVE;
				GCC_WARN_UNUSED_FUNCTION = YES;
				GCC_WARN_UNUSED_VARIABLE = YES;
				IPHONEOS_DEPLOYMENT_TARGET = 17.2;
				LOCALIZATION_PREFERS_STRING_CATALOGS = YES;
				MTL_ENABLE_DEBUG_INFO = NO;
				MTL_FAST_MATH = YES;
				SDKROOT = iphoneos;
				SWIFT_COMPILATION_MODE = wholemodule;
				VALIDATE_PRODUCT = YES;
			};
			name = Release;
		};
		CA5BF85D2C2A7B88001E4CA9 /* Debug */ = {
			isa = XCBuildConfiguration;
			buildSettings = {
				ASSETCATALOG_COMPILER_APPICON_NAME = AppIcon;
				ASSETCATALOG_COMPILER_GLOBAL_ACCENT_COLOR_NAME = AccentColor;
				CODE_SIGN_STYLE = Automatic;
				CURRENT_PROJECT_VERSION = 1;
				DEVELOPMENT_ASSET_PATHS = "\"Event Countdown/Preview Content\"";
				DEVELOPMENT_TEAM = M54A7BX79B;
				ENABLE_PREVIEWS = YES;
				GENERATE_INFOPLIST_FILE = YES;
				INFOPLIST_KEY_UIApplicationSceneManifest_Generation = YES;
				INFOPLIST_KEY_UIApplicationSupportsIndirectInputEvents = YES;
				INFOPLIST_KEY_UILaunchScreen_Generation = YES;
				INFOPLIST_KEY_UISupportedInterfaceOrientations_iPad = "UIInterfaceOrientationPortrait UIInterfaceOrientationPortraitUpsideDown UIInterfaceOrientationLandscapeLeft UIInterfaceOrientationLandscapeRight";
				INFOPLIST_KEY_UISupportedInterfaceOrientations_iPhone = "UIInterfaceOrientationPortrait UIInterfaceOrientationLandscapeLeft UIInterfaceOrientationLandscapeRight";
				LD_RUNPATH_SEARCH_PATHS = (
					"$(inherited)",
					"@executable_path/Frameworks",
				);
				MARKETING_VERSION = 1.0;
				PRODUCT_BUNDLE_IDENTIFIER = "com.bohdankachenko.Event-Countdown";
				PRODUCT_NAME = "$(TARGET_NAME)";
				SWIFT_EMIT_LOC_STRINGS = YES;
				SWIFT_VERSION = 5.0;
				TARGETED_DEVICE_FAMILY = "1,2";
			};
			name = Debug;
		};
		CA5BF85E2C2A7B88001E4CA9 /* Release */ = {
			isa = XCBuildConfiguration;
			buildSettings = {
				ASSETCATALOG_COMPILER_APPICON_NAME = AppIcon;
				ASSETCATALOG_COMPILER_GLOBAL_ACCENT_COLOR_NAME = AccentColor;
				CODE_SIGN_STYLE = Automatic;
				CURRENT_PROJECT_VERSION = 1;
				DEVELOPMENT_ASSET_PATHS = "\"Event Countdown/Preview Content\"";
				DEVELOPMENT_TEAM = M54A7BX79B;
				ENABLE_PREVIEWS = YES;
				GENERATE_INFOPLIST_FILE = YES;
				INFOPLIST_KEY_UIApplicationSceneManifest_Generation = YES;
				INFOPLIST_KEY_UIApplicationSupportsIndirectInputEvents = YES;
				INFOPLIST_KEY_UILaunchScreen_Generation = YES;
				INFOPLIST_KEY_UISupportedInterfaceOrientations_iPad = "UIInterfaceOrientationPortrait UIInterfaceOrientationPortraitUpsideDown UIInterfaceOrientationLandscapeLeft UIInterfaceOrientationLandscapeRight";
				INFOPLIST_KEY_UISupportedInterfaceOrientations_iPhone = "UIInterfaceOrientationPortrait UIInterfaceOrientationLandscapeLeft UIInterfaceOrientationLandscapeRight";
				LD_RUNPATH_SEARCH_PATHS = (
					"$(inherited)",
					"@executable_path/Frameworks",
				);
				MARKETING_VERSION = 1.0;
				PRODUCT_BUNDLE_IDENTIFIER = "com.bohdankachenko.Event-Countdown";
				PRODUCT_NAME = "$(TARGET_NAME)";
				SWIFT_EMIT_LOC_STRINGS = YES;
				SWIFT_VERSION = 5.0;
				TARGETED_DEVICE_FAMILY = "1,2";
			};
			name = Release;
		};
		CA5BF8762C2E9219001E4CA9 /* Debug */ = {
			isa = XCBuildConfiguration;
			buildSettings = {
				BUNDLE_LOADER = "$(TEST_HOST)";
				CODE_SIGN_STYLE = Automatic;
				CURRENT_PROJECT_VERSION = 1;
				DEVELOPMENT_TEAM = M54A7BX79B;
				GENERATE_INFOPLIST_FILE = YES;
				MARKETING_VERSION = 1.0;
				PRODUCT_BUNDLE_IDENTIFIER = "com.bohdankachenko.Event-CountdownTests";
				PRODUCT_NAME = "$(TARGET_NAME)";
				SWIFT_EMIT_LOC_STRINGS = NO;
				SWIFT_VERSION = 5.0;
				TARGETED_DEVICE_FAMILY = "1,2";
				TEST_HOST = "$(BUILT_PRODUCTS_DIR)/Event Countdown.app/$(BUNDLE_EXECUTABLE_FOLDER_PATH)/Event Countdown";
			};
			name = Debug;
		};
		CA5BF8772C2E9219001E4CA9 /* Release */ = {
			isa = XCBuildConfiguration;
			buildSettings = {
				BUNDLE_LOADER = "$(TEST_HOST)";
				CODE_SIGN_STYLE = Automatic;
				CURRENT_PROJECT_VERSION = 1;
				DEVELOPMENT_TEAM = M54A7BX79B;
				GENERATE_INFOPLIST_FILE = YES;
				MARKETING_VERSION = 1.0;
				PRODUCT_BUNDLE_IDENTIFIER = "com.bohdankachenko.Event-CountdownTests";
				PRODUCT_NAME = "$(TARGET_NAME)";
				SWIFT_EMIT_LOC_STRINGS = NO;
				SWIFT_VERSION = 5.0;
				TARGETED_DEVICE_FAMILY = "1,2";
				TEST_HOST = "$(BUILT_PRODUCTS_DIR)/Event Countdown.app/$(BUNDLE_EXECUTABLE_FOLDER_PATH)/Event Countdown";
			};
			name = Release;
		};
/* End XCBuildConfiguration section */

/* Begin XCConfigurationList section */
		CA5BF8492C2A7B86001E4CA9 /* Build configuration list for PBXProject "Event Countdown" */ = {
			isa = XCConfigurationList;
			buildConfigurations = (
				CA5BF85A2C2A7B88001E4CA9 /* Debug */,
				CA5BF85B2C2A7B88001E4CA9 /* Release */,
			);
			defaultConfigurationIsVisible = 0;
			defaultConfigurationName = Release;
		};
		CA5BF85C2C2A7B88001E4CA9 /* Build configuration list for PBXNativeTarget "Event Countdown" */ = {
			isa = XCConfigurationList;
			buildConfigurations = (
				CA5BF85D2C2A7B88001E4CA9 /* Debug */,
				CA5BF85E2C2A7B88001E4CA9 /* Release */,
			);
			defaultConfigurationIsVisible = 0;
			defaultConfigurationName = Release;
		};
		CA5BF8752C2E9219001E4CA9 /* Build configuration list for PBXNativeTarget "Event CountdownTests" */ = {
			isa = XCConfigurationList;
			buildConfigurations = (
				CA5BF8762C2E9219001E4CA9 /* Debug */,
				CA5BF8772C2E9219001E4CA9 /* Release */,
			);
			defaultConfigurationIsVisible = 0;
			defaultConfigurationName = Release;
		};
/* End XCConfigurationList section */
	};
	rootObject = CA5BF8462C2A7B86001E4CA9 /* Project object */;
}
